
Microsoft Visual Studio Solution File, Format Version 12.00
# Visual Studio Version 17
VisualStudioVersion = 17.14.36623.8 d17.14
MinimumVisualStudioVersion = 10.0.40219.1
Project("{FAE04EC0-301F-11D3-BF4B-00C04F79EFBC}") = "ThreadApp", "ThreadApp\ThreadApp.csproj", "{0D47B46A-3BEE-4A14-ACC5-F59FC0CA10F1}"
EndProject
Project("{FAE04EC0-301F-11D3-BF4B-00C04F79EFBC}") = "FactorialTest", "FactorialTest\FactorialTest.csproj", "{ADC9380A-EF19-4954-9B1F-ED2270593ADE}"
EndProject
Global
	GlobalSection(SolutionConfigurationPlatforms) = preSolution
		Debug|Any CPU = Debug|Any CPU
		Release|Any CPU = Release|Any CPU
	EndGlobalSection
	GlobalSection(ProjectConfigurationPlatforms) = postSolution
		{0D47B46A-3BEE-4A14-ACC5-F59FC0CA10F1}.Debug|Any CPU.ActiveCfg = Debug|Any CPU
		{0D47B46A-3BEE-4A14-ACC5-F59FC0CA10F1}.Debug|Any CPU.Build.0 = Debug|Any CPU
		{0D47B46A-3BEE-4A14-ACC5-F59FC0CA10F1}.Release|Any CPU.ActiveCfg = Release|Any CPU
		{0D47B46A-3BEE-4A14-ACC5-F59FC0CA10F1}.Release|Any CPU.Build.0 = Release|Any CPU
		{ADC9380A-EF19-4954-9B1F-ED2270593ADE}.Debug|Any CPU.ActiveCfg = Debug|Any CPU
		{ADC9380A-EF19-4954-9B1F-ED2270593ADE}.Debug|Any CPU.Build.0 = Debug|Any CPU
		{ADC9380A-EF19-4954-9B1F-ED2270593ADE}.Release|Any CPU.ActiveCfg = Release|Any CPU
		{ADC9380A-EF19-4954-9B1F-ED2270593ADE}.Release|Any CPU.Build.0 = Release|Any CPU
	EndGlobalSection
	GlobalSection(SolutionProperties) = preSolution
		HideSolutionNode = FALSE
	EndGlobalSection
	GlobalSection(ExtensibilityGlobals) = postSolution
		SolutionGuid = {640CFDBD-DAE3-48B5-901F-F901C7D313DE}
	EndGlobalSection
EndGlobal
